{"SurveyEntry":{"SurveyID":"SV_8vxLV6FmYcHDmCi","SurveyName":"Survey Template - Styling Only","SurveyDescription":null,"SurveyOwnerID":"UR_a8zYBwzjevHlTYp","SurveyBrandID":"yale","DivisionID":"DV_82ngmFHa9je3a8A","SurveyLanguage":"EN","SurveyActiveResponseSet":"RS_aeYOKl4Lombu2xg","SurveyStatus":"Inactive","SurveyStartDate":"0000-00-00 00:00:00","SurveyExpirationDate":"0000-00-00 00:00:00","SurveyCreationDate":"2026-04-13 19:23:18","CreatorID":"UR_a8zYBwzjevHlTYp","LastModified":"2026-04-13 19:29:39","LastAccessed":"0000-00-00 00:00:00","LastActivated":"0000-00-00 00:00:00","Deleted":null},"SurveyElements":[{"SurveyID":"SV_8vxLV6FmYcHDmCi","Element":"BL","PrimaryAttribute":"Survey Blocks","SecondaryAttribute":null,"TertiaryAttribute":null,"Payload":[{"Type":"Default","Description":"Default Question Block","ID":"BL_3K9uD3NmRlb2OmW","BlockElements":[{"Type":"Question","QuestionID":"QID1"}]},{"Type":"Trash","Description":"Trash \/ Unused Questions","ID":"BL_7P8jz3rSSX98eJ8"}]},{"SurveyID":"SV_8vxLV6FmYcHDmCi","Element":"FL","PrimaryAttribute":"Survey Flow","SecondaryAttribute":null,"TertiaryAttribute":null,"Payload":{"Flow":[{"ID":"BL_3K9uD3NmRlb2OmW","Type":"Block","FlowID":"FL_2"}],"Properties":{"Count":2},"FlowID":"FL_1","Type":"Root"}},{"SurveyID":"SV_8vxLV6FmYcHDmCi","Element":"PL","PrimaryAttribute":"Preview Link","SecondaryAttribute":null,"TertiaryAttribute":null,"Payload":{"PreviewType":"Brand","PreviewID":"262add45-7728-42fe-bfd3-d80d86bf8104"}},{"SurveyID":"SV_8vxLV6FmYcHDmCi","Element":"PROJ","PrimaryAttribute":"CORE","SecondaryAttribute":null,"TertiaryAttribute":"1.1.0","Payload":{"ProjectCategory":"CORE","SchemaVersion":"1.1.0"}},{"SurveyID":"SV_8vxLV6FmYcHDmCi","Element":"QC","PrimaryAttribute":"Survey Question Count","SecondaryAttribute":"1","TertiaryAttribute":null,"Payload":null},{"SurveyID":"SV_8vxLV6FmYcHDmCi","Element":"RS","PrimaryAttribute":"RS_aeYOKl4Lombu2xg","SecondaryAttribute":"Default Response Set","TertiaryAttribute":null,"Payload":null},{"SurveyID":"SV_8vxLV6FmYcHDmCi","Element":"SCO","PrimaryAttribute":"Scoring","SecondaryAttribute":null,"TertiaryAttribute":null,"Payload":{"ScoringCategories":[],"ScoringCategoryGroups":[],"ScoringSummaryCategory":null,"ScoringSummaryAfterQuestions":0,"ScoringSummaryAfterSurvey":0,"DefaultScoringCategory":null,"AutoScoringCategory":null}},{"SurveyID":"SV_8vxLV6FmYcHDmCi","Element":"SO","PrimaryAttribute":"Survey Options","SecondaryAttribute":null,"TertiaryAttribute":null,"Payload":{"BackButton":"false","SaveAndContinue":"true","SurveyProtection":"PublicSurvey","BallotBoxStuffingPrevention":"true","NoIndex":"Yes","SecureResponseFiles":"true","SurveyExpiration":"None","SurveyTermination":"DefaultMessage","Header":"","Footer":"","ProgressBarDisplay":"None","PartialData":"+1 week","ValidationMessage":null,"PreviousButton":"","NextButton":"","SurveyTitle":"Qualtrics Survey | Qualtrics Experience Management","SkinLibrary":"yale","SkinType":"component","Skin":{"brandingId":null,"templateId":"*simple","overrides":{"question":{"displayWidth":"full"},"answerText":{"size":"20px"},"questionsContainer":{"on":true}}},"NewScoring":1,"SurveyMetaDescription":"The most powerful, simple and trusted way to gather experience data. Start your journey to experience management and try a free account today.","EOSMessage":null,"ShowExportTags":"false","CollectGeoLocation":"false","PasswordProtection":"No","AnonymizeResponse":"No","RefererCheck":"No","BallotBoxStuffingPreventionBehavior":"DefaultMessage","BallotBoxStuffingPreventionMessage":null,"BallotBoxStuffingPreventionMessageLibrary":null,"BallotBoxStuffingPreventionURL":null,"RecaptchaV3":"false","ConfirmStart":false,"AutoConfirmStart":false,"RelevantID":"false","RelevantIDLockoutPeriod":"+30 days","UseCustomSurveyLinkCompletedMessage":null,"SurveyLinkCompletedMessage":null,"SurveyLinkCompletedMessageLibrary":null,"ResponseSummary":"No","EOSMessageLibrary":null,"EOSRedirectURL":null,"EmailThankYou":"false","ThankYouEmailMessageLibrary":null,"ThankYouEmailMessage":null,"ValidateMessage":"false","ValidationMessageLibrary":null,"InactiveSurvey":null,"PartialDeletion":null,"PartialDataCloseAfter":"LastActivity","InactiveMessageLibrary":null,"InactiveMessage":null,"AvailableLanguages":{"EN":[]},"CustomStyles":{"customCSS":".question .question-display, .question-content, #progress-bar-percent {\r\n\tcolor: #232323;\r\n}\r\n#progress-bar-text {\r\n  color: #ffffff;\r\n}\r\n#progress-bar-fill {\r\n\tmargin-bottom: 1rem;\r\n}\r\n.question .radio-button.radio {\r\n  border-color: #5c5c5c;\r\n}\r\n.question.mc.horizontal .choice-label {\r\n\tmin-width: 5.75rem !important;\r\n}\r\n@media (max-width: 540px) {\r\n\t.question.mc:is(.horizontal, .vertical) .choice-label {\r\n\t\tmin-width: 7rem !important;\r\n\t}\r\n}\r\n.question-display-wrapper {\r\n\tmargin-bottom: 1rem;\r\n}\r\n.question.matrix.table .matrix-content {\r\n\toutline: 2px solid #eaeaea;\r\n\tborder-radius: 0.5rem;\r\n\tmargin-left: 1.5rem;\r\n}\r\n.question.matrix.table .matrix-scale-points-item {\r\n\twhite-space: pre !important;\r\n}\r\n.question.matrix.table .matrix-content > :where(.matrix-row:nth-child(odd)) :is(.matrix-statement-header, .statement-wrapper) {\r\n\tbackground: color-mix(in srgb, #eaeaea 50%, transparent);\r\n}\r\n.question.matrix.table .matrix-accordion .foldout-header {\r\n\tpadding-left: 1rem;\r\n}\r\n.question.matrix.table .matrix-accordion .matrix-statement.without-summary:not(:last-child) {\r\n\tmargin-bottom: 2rem;\r\n}\r\n.question.matrix.table .matrix-statement.without-summary {\r\n\toutline: 2px solid #eaeaea;\r\n\tborder-radius: 0.5rem;\r\n}\r\n.question.matrix.table .matrix-accordion .foldout-items .likert-input:nth-child(odd):not(:hover) {\r\n\tbackground: color-mix(in srgb, #eaeaea 50%, transparent);\r\n}\r\n.question.te .text-input {\r\n\ttext-align: right;\r\n}\r\n.question.te .text-input:not(.multi-line) {\r\n\twidth: 55px !important;\r\n\tpadding: 5px !important;\r\n\tvertical-align: middle !important;\r\n}\r\n.question.te .text-input.multi-line {\r\n  width: 150px;\r\n  min-width: 150px !important;\r\n  max-width: 100% !important;\r\n  height: 40px;\r\n  min-height: 40px !important;\r\n  padding: 8px 5px 6px 5px !important;\r\n}\r\n@media (max-width: 420px) {\r\n\t.question.te .text-input.multi-line {\r\n    width: 100% !important;\r\n\t\tmin-width: 100% !important;\r\n\t}\r\n}\r\nspan.spanBefore, span.spanAfter {\r\n\twhite-space: pre;\r\n\tvertical-align: middle;\r\n}\r\nspan.spanAfter {\r\n\tmargin-left: 6px;\r\n}\r\nspan.spanBefore {\r\n\tmargin-right: 6px;\r\n}\r\n.question.form ul.choices .choice-label {\r\n\tpadding-top: 5px;\r\n\tfont-size: 1.25rem;\r\n}\r\n.question.form ul.choices .choice-content {\r\n\tflex-direction: row !important;\r\n}\r\n.question.form .text-input {\r\n\twidth: 55px !important;\r\n\tpadding: 5px !important;\r\n\tvertical-align: middle !important;\r\n}"}}},{"SurveyID":"SV_8vxLV6FmYcHDmCi","Element":"SQ","PrimaryAttribute":"QID1","SecondaryAttribute":"Click to write the question text","TertiaryAttribute":null,"Payload":{"QuestionText":"Click to write the question text","DataExportTag":"Q1","QuestionType":"MC","Selector":"SAVR","SubSelector":"TX","DataVisibility":{"Private":false,"Hidden":false},"Configuration":{"QuestionDescriptionOption":"UseText"},"QuestionDescription":"Click to write the question text","Choices":{"1":{"Display":"Click to write Choice 1"},"2":{"Display":"Click to write Choice 2"},"3":{"Display":"Click to write Choice 3"}},"ChoiceOrder":["1","2","3"],"Validation":{"Settings":{"ForceResponse":"OFF","Type":"None"}},"Language":[],"NextChoiceId":4,"NextAnswerId":1,"QuestionID":"QID1"}},{"SurveyID":"SV_8vxLV6FmYcHDmCi","Element":"STAT","PrimaryAttribute":"Survey Statistics","SecondaryAttribute":null,"TertiaryAttribute":null,"Payload":{"MobileCompatible":true,"ID":"Survey Statistics"}}]}