{"SurveyEntry":{"SurveyID":"SV_1ZCKS9W3hi9v9CC","SurveyName":"Survey Template - Survey Flow","SurveyDescription":null,"SurveyOwnerID":"UR_a8zYBwzjevHlTYp","SurveyBrandID":"yale","DivisionID":"DV_82ngmFHa9je3a8A","SurveyLanguage":"EN","SurveyActiveResponseSet":"RS_0D3Bp97Kw8gE7Mq","SurveyStatus":"Inactive","SurveyStartDate":"0000-00-00 00:00:00","SurveyExpirationDate":"0000-00-00 00:00:00","SurveyCreationDate":"2026-04-13 19:31:23","CreatorID":"UR_a8zYBwzjevHlTYp","LastModified":"2026-04-15 12:08:39","LastAccessed":"0000-00-00 00:00:00","LastActivated":"0000-00-00 00:00:00","Deleted":null},"SurveyElements":[{"SurveyID":"SV_1ZCKS9W3hi9v9CC","Element":"BL","PrimaryAttribute":"Survey Blocks","SecondaryAttribute":null,"TertiaryAttribute":null,"Payload":[{"Type":"Default","Description":"Consent","ID":"BL_3K9uD3NmRlb2OmW","BlockElements":[{"Type":"Question","QuestionID":"QID1"},{"Type":"Question","QuestionID":"QID2"}]},{"Type":"Trash","Description":"Trash \/ Unused Questions","ID":"BL_7P8jz3rSSX98eJ8"},{"Type":"Standard","SubType":"","Description":"Screeners - Kindergarten","ID":"BL_9AlFIpWLIXAdA0e","BlockElements":[{"Type":"Question","QuestionID":"QID3"},{"Type":"Question","QuestionID":"QID4"}]},{"Type":"Standard","SubType":"","Description":"Screeners - Halloween","ID":"BL_bdQBeWMxdcvfkTY","BlockElements":[{"Type":"Question","QuestionID":"QID5"},{"Type":"Question","QuestionID":"QID6"}]},{"Type":"Standard","SubType":"","Description":"Screeners - Zip code","ID":"BL_9KYlWMvDuVD6sRM","BlockElements":[{"Type":"Question","QuestionID":"QID7"},{"Type":"Question","QuestionID":"QID8"}]},{"Type":"Standard","SubType":"","Description":"Screeners - Failed","ID":"BL_1X09pH6ApsbJ7D0","BlockElements":[{"Type":"Question","QuestionID":"QID9"},{"Type":"Question","QuestionID":"QID10"}]},{"Type":"Standard","SubType":"","Description":"Landing Page","ID":"BL_3kHjE0OTHvRj6Xs","BlockElements":[{"Type":"Question","QuestionID":"QID11"},{"Type":"Question","QuestionID":"QID12"}]},{"Type":"Standard","SubType":"","Description":"Question Block","ID":"BL_bC57eCRSpa2JfM2"},{"Type":"Standard","SubType":"","Description":"Demographics","ID":"BL_eA8Dj4FGXDM3Wke","BlockElements":[{"Type":"Question","QuestionID":"QID13"},{"Type":"Question","QuestionID":"QID14"},{"Type":"Question","QuestionID":"QID15"},{"Type":"Question","QuestionID":"QID16"},{"Type":"Question","QuestionID":"QID17"},{"Type":"Question","QuestionID":"QID18"},{"Type":"Question","QuestionID":"QID19"},{"Type":"Question","QuestionID":"QID20"},{"Type":"Question","QuestionID":"QID21"},{"Type":"Question","QuestionID":"QID22"},{"Type":"Question","QuestionID":"QID23"},{"Type":"Question","QuestionID":"QID24"},{"Type":"Question","QuestionID":"QID25"},{"Type":"Question","QuestionID":"QID26"},{"Type":"Question","QuestionID":"QID27"}]},{"Type":"Standard","SubType":"","Description":"Comments","ID":"BL_4GUqhTrkUJgdSw6","BlockElements":[{"Type":"Question","QuestionID":"QID28"},{"Type":"Question","QuestionID":"QID29"},{"Type":"Question","QuestionID":"QID30"},{"Type":"Question","QuestionID":"QID31"}]},{"Type":"Standard","SubType":"","Description":"Consent - No","ID":"BL_aWuL5Ff4DDLTb9A","BlockElements":[{"Type":"Question","QuestionID":"QID32"},{"Type":"Question","QuestionID":"QID33"}]}]},{"SurveyID":"SV_1ZCKS9W3hi9v9CC","Element":"FL","PrimaryAttribute":"Survey Flow","SecondaryAttribute":null,"TertiaryAttribute":null,"Payload":{"Type":"Root","FlowID":"FL_1","Flow":[{"Type":"EmbeddedData","FlowID":"FL_11","EmbeddedData":[{"Description":"PROLIFIC_PID","Type":"Recipient","Field":"PROLIFIC_PID","VariableType":"String","DataVisibility":[],"AnalyzeText":false},{"Description":"STUDY_ID","Type":"Recipient","Field":"STUDY_ID","VariableType":"String","DataVisibility":[],"AnalyzeText":false},{"Description":"SESSION_ID","Type":"Recipient","Field":"SESSION_ID","VariableType":"String","DataVisibility":[],"AnalyzeText":false}]},{"Type":"EmbeddedData","FlowID":"FL_12","EmbeddedData":[{"Description":"Q_SurveyVersionID","Type":"Recipient","Field":"Q_SurveyVersionID","VariableType":"String","DataVisibility":[],"AnalyzeText":false},{"Description":"Q_TerminateFlag","Type":"Recipient","Field":"Q_TerminateFlag","VariableType":"String","DataVisibility":[],"AnalyzeText":false},{"Description":"Q_TotalDuration","Type":"Recipient","Field":"Q_TotalDuration","VariableType":"String","DataVisibility":[],"AnalyzeText":false}]},{"Type":"Block","ID":"BL_3K9uD3NmRlb2OmW","FlowID":"FL_2","Autofill":[]},{"Type":"Branch","FlowID":"FL_13","Description":"New Branch","BranchLogic":{"0":{"0":{"LogicType":"Question","QuestionID":"QID1","QuestionIsInLoop":"no","ChoiceLocator":"q:\/\/QID1\/SelectableChoice\/2","Operator":"Selected","QuestionIDFromLocator":"QID1","LeftOperand":"q:\/\/QID1\/SelectableChoice\/2","Type":"Expression","Description":"<span class=\"ConjDesc\">If<\/span> <span class=\"QuestionDesc\">Online Informed Consent Script for Participation in a Research Study This survey is part of an ac...<\/span> <span class=\"LeftOpDesc\">No<\/span> <span class=\"OpDesc\">Is Selected<\/span> "},"Type":"If"},"Type":"BooleanExpression"},"Flow":[{"Type":"Standard","ID":"BL_aWuL5Ff4DDLTb9A","FlowID":"FL_14","Autofill":[]},{"Type":"EndSurvey","FlowID":"FL_15","EndingType":"Advanced","Options":{"Advanced":"true","SurveyTermination":"Redirect","EOSRedirectURL":"https:\/\/app.prolific.com\/submissions\/complete?cc=REFUSED_CODE"}}]},{"Type":"BlockRandomizer","FlowID":"FL_16","SubSet":3,"Flow":[{"Type":"Standard","ID":"BL_9AlFIpWLIXAdA0e","FlowID":"FL_3","Autofill":[]},{"Type":"Standard","ID":"BL_bdQBeWMxdcvfkTY","FlowID":"FL_4","Autofill":[]},{"Type":"Standard","ID":"BL_9KYlWMvDuVD6sRM","FlowID":"FL_5","Autofill":[]}]},{"Type":"Branch","FlowID":"FL_18","Description":"New Branch","BranchLogic":{"0":{"0":{"LogicType":"Question","QuestionID":"QID3","QuestionIsInLoop":"no","ChoiceLocator":"q:\/\/QID3\/SelectableChoice\/1","Operator":"NotSelected","QuestionIDFromLocator":"QID3","LeftOperand":"q:\/\/QID3\/SelectableChoice\/1","Type":"Expression","Description":"<span class=\"ConjDesc\">If<\/span> <span class=\"QuestionDesc\">In which of these grades are students 4 or 5 years old?<\/span> <span class=\"LeftOpDesc\">Kindergarten<\/span> <span class=\"OpDesc\">Is Not Selected<\/span> "},"1":{"LogicType":"Question","QuestionID":"QID5","QuestionIsInLoop":"no","ChoiceLocator":"q:\/\/QID5\/SelectableChoice\/5","Operator":"NotSelected","QuestionIDFromLocator":"QID5","LeftOperand":"q:\/\/QID5\/SelectableChoice\/5","Type":"Expression","Description":"<span class=\"ConjDesc\">Or<\/span> <span class=\"QuestionDesc\">Which of these is NOT associated with Halloween?<\/span> <span class=\"LeftOpDesc\">Eating Turkey<\/span> <span class=\"OpDesc\">Is Not Selected<\/span> ","Conjuction":"Or"},"2":{"LogicType":"Question","QuestionID":"QID7","QuestionIsInLoop":"no","ChoiceLocator":"q:\/\/QID7\/SelectableChoice\/4","Operator":"NotSelected","QuestionIDFromLocator":"QID7","LeftOperand":"q:\/\/QID7\/SelectableChoice\/4","Type":"Expression","Description":"<span class=\"ConjDesc\">Or<\/span> <span class=\"QuestionDesc\">Which of these is an American zip code?<\/span> <span class=\"LeftOpDesc\">02318<\/span> <span class=\"OpDesc\">Is Not Selected<\/span> ","Conjuction":"Or"},"Type":"If"},"Type":"BooleanExpression"},"Flow":[{"Type":"Standard","ID":"BL_1X09pH6ApsbJ7D0","FlowID":"FL_6","Autofill":[]},{"Type":"EndSurvey","FlowID":"FL_17","EndingType":"Advanced","Options":{"Advanced":"true","SurveyTermination":"Redirect","EOSRedirectURL":"https:\/\/app.prolific.com\/submissions\/complete?cc=SCREENED_OUT_CODE","ResponseFlag":"Screened"}}]},{"Type":"Standard","ID":"BL_3kHjE0OTHvRj6Xs","FlowID":"FL_7","Autofill":[]},{"Type":"Standard","ID":"BL_bC57eCRSpa2JfM2","FlowID":"FL_8","Autofill":[]},{"Type":"Standard","ID":"BL_eA8Dj4FGXDM3Wke","FlowID":"FL_9","Autofill":[]},{"Type":"Standard","ID":"BL_4GUqhTrkUJgdSw6","FlowID":"FL_10","Autofill":[]},{"Type":"EndSurvey","FlowID":"FL_19","EndingType":"Advanced","Options":{"Advanced":"true","SurveyTermination":"Redirect","EOSRedirectURL":"https:\/\/app.prolific.com\/submissions\/complete?cc=COMPLETED_CODE","ResponseFlag":"Complete"}}],"Properties":{"Count":19}}},{"SurveyID":"SV_1ZCKS9W3hi9v9CC","Element":"PL","PrimaryAttribute":"Preview Link","SecondaryAttribute":null,"TertiaryAttribute":null,"Payload":{"PreviewType":"Brand","PreviewID":"b11e197f-110d-4556-9d04-9a69abaee853"}},{"SurveyID":"SV_1ZCKS9W3hi9v9CC","Element":"PROJ","PrimaryAttribute":"CORE","SecondaryAttribute":null,"TertiaryAttribute":"1.1.0","Payload":{"ProjectCategory":"CORE","SchemaVersion":"1.1.0"}},{"SurveyID":"SV_1ZCKS9W3hi9v9CC","Element":"QC","PrimaryAttribute":"Survey Question Count","SecondaryAttribute":"33","TertiaryAttribute":null,"Payload":null},{"SurveyID":"SV_1ZCKS9W3hi9v9CC","Element":"RS","PrimaryAttribute":"RS_0D3Bp97Kw8gE7Mq","SecondaryAttribute":"Default Response Set","TertiaryAttribute":null,"Payload":null},{"SurveyID":"SV_1ZCKS9W3hi9v9CC","Element":"SCO","PrimaryAttribute":"Scoring","SecondaryAttribute":null,"TertiaryAttribute":null,"Payload":{"ScoringCategories":[],"ScoringCategoryGroups":[],"ScoringSummaryCategory":null,"ScoringSummaryAfterQuestions":0,"ScoringSummaryAfterSurvey":0,"DefaultScoringCategory":null,"AutoScoringCategory":null}},{"SurveyID":"SV_1ZCKS9W3hi9v9CC","Element":"SO","PrimaryAttribute":"Survey Options","SecondaryAttribute":null,"TertiaryAttribute":null,"Payload":{"BackButton":"false","SaveAndContinue":"true","SurveyProtection":"PublicSurvey","BallotBoxStuffingPrevention":"true","NoIndex":"Yes","SecureResponseFiles":"true","SurveyExpiration":"None","SurveyTermination":"DefaultMessage","Header":"","Footer":"","ProgressBarDisplay":"None","PartialData":"+1 week","ValidationMessage":null,"PreviousButton":"","NextButton":"","SurveyTitle":"Qualtrics Survey | Qualtrics Experience Management","SkinLibrary":"yale","SkinType":"component","Skin":{"brandingId":null,"templateId":"*simple","overrides":{"question":{"displayWidth":"full"},"answerText":{"size":"20px"},"questionsContainer":{"on":true}}},"NewScoring":1,"SurveyMetaDescription":"The most powerful, simple and trusted way to gather experience data. Start your journey to experience management and try a free account today.","EOSMessage":null,"ShowExportTags":"false","CollectGeoLocation":"false","PasswordProtection":"No","AnonymizeResponse":"No","RefererCheck":"No","BallotBoxStuffingPreventionBehavior":"DefaultMessage","BallotBoxStuffingPreventionMessage":null,"BallotBoxStuffingPreventionMessageLibrary":null,"BallotBoxStuffingPreventionURL":null,"RecaptchaV3":"false","ConfirmStart":false,"AutoConfirmStart":false,"RelevantID":"false","RelevantIDLockoutPeriod":"+30 days","UseCustomSurveyLinkCompletedMessage":null,"SurveyLinkCompletedMessage":null,"SurveyLinkCompletedMessageLibrary":null,"ResponseSummary":"No","EOSMessageLibrary":null,"EOSRedirectURL":null,"EmailThankYou":"false","ThankYouEmailMessageLibrary":null,"ThankYouEmailMessage":null,"ValidateMessage":"false","ValidationMessageLibrary":null,"InactiveSurvey":null,"PartialDeletion":null,"PartialDataCloseAfter":"LastActivity","InactiveMessageLibrary":null,"InactiveMessage":null,"AvailableLanguages":{"EN":[]},"CustomStyles":{"customCSS":".question .question-display, .question-content, #progress-bar-percent {\r\n\tcolor: #232323;\r\n}\r\n#progress-bar-text {\r\n  color: #ffffff;\r\n}\r\n#progress-bar-fill {\r\n\tmargin-bottom: 1rem;\r\n}\r\n.question .radio-button.radio {\r\n  border-color: #5c5c5c;\r\n}\r\n.question.mc.horizontal .choice-label {\r\n\tmin-width: 5.75rem !important;\r\n}\r\n@media (max-width: 540px) {\r\n\t.question.mc:is(.horizontal, .vertical) .choice-label {\r\n\t\tmin-width: 7rem !important;\r\n\t}\r\n}\r\n.question-display-wrapper {\r\n\tmargin-bottom: 1rem;\r\n}\r\n.question.matrix.table .matrix-content {\r\n\toutline: 2px solid #eaeaea;\r\n\tborder-radius: 0.5rem;\r\n\tmargin-left: 1.5rem;\r\n}\r\n.question.matrix.table .matrix-scale-points-item {\r\n\twhite-space: pre !important;\r\n}\r\n.question.matrix.table .matrix-content > :where(.matrix-row:nth-child(odd)) :is(.matrix-statement-header, .statement-wrapper) {\r\n\tbackground: color-mix(in srgb, #eaeaea 50%, transparent);\r\n}\r\n.question.matrix.table .matrix-accordion .foldout-header {\r\n\tpadding-left: 1rem;\r\n}\r\n.question.matrix.table .matrix-accordion .matrix-statement.without-summary:not(:last-child) {\r\n\tmargin-bottom: 2rem;\r\n}\r\n.question.matrix.table .matrix-statement.without-summary {\r\n\toutline: 2px solid #eaeaea;\r\n\tborder-radius: 0.5rem;\r\n}\r\n.question.matrix.table .matrix-accordion .foldout-items .likert-input:nth-child(odd):not(:hover) {\r\n\tbackground: color-mix(in srgb, #eaeaea 50%, transparent);\r\n}\r\n.question.te .text-input {\r\n\ttext-align: right;\r\n}\r\n.question.te .text-input:not(.multi-line) {\r\n\twidth: 55px !important;\r\n\tpadding: 5px !important;\r\n\tvertical-align: middle !important;\r\n}\r\n.question.te .text-input.multi-line {\r\n  width: 150px;\r\n  min-width: 150px !important;\r\n  max-width: 100% !important;\r\n  height: 40px;\r\n  min-height: 40px !important;\r\n  padding: 8px 5px 6px 5px !important;\r\n}\r\n@media (max-width: 420px) {\r\n\t.question.te .text-input.multi-line {\r\n    width: 100% !important;\r\n\t\tmin-width: 100% !important;\r\n\t}\r\n}\r\nspan.spanBefore, span.spanAfter {\r\n\twhite-space: pre;\r\n\tvertical-align: middle;\r\n}\r\nspan.spanAfter {\r\n\tmargin-left: 6px;\r\n}\r\nspan.spanBefore {\r\n\tmargin-right: 6px;\r\n}\r\n.question.form ul.choices .choice-label {\r\n\tpadding-top: 5px;\r\n\tfont-size: 1.25rem;\r\n}\r\n.question.form ul.choices .choice-content {\r\n\tflex-direction: row !important;\r\n}\r\n.question.form .text-input {\r\n\twidth: 55px !important;\r\n\tpadding: 5px !important;\r\n\tvertical-align: middle !important;\r\n}"}}},{"SurveyID":"SV_1ZCKS9W3hi9v9CC","Element":"SQ","PrimaryAttribute":"QID1","SecondaryAttribute":"Online Informed Consent Script for Participation in a Research Study This survey is part of an ac...","TertiaryAttribute":null,"Payload":{"QuestionText":"<b>Online Informed Consent Script for Participation in a Research Study<\/b><br>\n<br>\nThis survey is part of an academic study. It will involve problems for you to solve, and questions about your opinions. There are no known or anticipated risks to you for participating. Although this study will not benefit you personally, we hope that our results will add to the knowledge about reasoning and decision making.<br>\n<br>\nNo identifying information will be connected to your responses to the survey; they will remain anonymous. Your participation is completely voluntary. You may decline to participate or end your participation at any time for any reason.<br>\n<br>\nIf you have any questions about this study, you may contact the lead investigator, Shane Frederick at <a href=\"mailto:shane.frederick@yale.edu\">shane.frederick@yale.edu<\/a>.<br>\n<br>\nIf you would like to talk with someone other than the researchers to discuss problems or concerns, you may contact the Yale University Human Subjects Committee, 203-785-4688, <a href=\"mailto:human.subjects@yale.edu\">human.subjects@yale.edu<\/a>. Additional information is available at <a href=\"https:\/\/your.yale.edu\/research-support\/human-research\/research-participants\/rights-research-participant\">https:\/\/your.yale.edu\/research-support\/human-research\/research-participants\/rights-research-participant<\/a><br>\n<br>\nIf you are at least 18 years old and would like to participate in this study, click \"yes\" below.","DataExportTag":"consent","QuestionType":"MC","Selector":"SAHR","SubSelector":"TX","DataVisibility":{"Private":false,"Hidden":false},"Configuration":{"QuestionDescriptionOption":"UseText","LabelPosition":"BELOW"},"QuestionDescription":"Online Informed Consent Script for Participation in a Research Study This survey is part of an ac...","Choices":{"1":{"Display":"Yes"},"2":{"Display":"No"}},"ChoiceOrder":[1,2],"Validation":{"Settings":{"ForceResponse":"ON","ForceResponseType":"ON","Type":"None"}},"Language":[],"NextChoiceId":3,"NextAnswerId":1,"QuestionID":"QID1","QuestionJS":"(function() {\n\t\/\/ global variables\n\tvar container; \/\/ question container\n\tvar handleChange; \/\/ function to handle change event\n\t\n\tQualtrics.SurveyEngine.addOnload(function()\n\t{\n\t\t\/*Place your JavaScript here to run when the page loads*\/\n\t\tvar that = this;\n\t\t\n\t\tcontainer = that.getQuestionContainer();\n\t\t\n\t\tvar radioGroups = Array.from(container.querySelectorAll(\"div[role='radiogroup']\"));\n\t\tvar idRegex = RegExp(\"^\" + that.questionId + \"(?:-|$)\");\n\t\n\t\t\/\/ listens for radio buttons to be selected (i.e., \"change\" event)\n\t\t\/\/ immediately submits the page if an option has been selected\n\t\n\t\thandleChange = (event) => {\n\t\t\tif(event.target && [\"checkbox\",\"radio\"].includes(event.target.type) && event.target.name.match(idRegex)) {\n\t\t\t\tif (radioGroups.every(group => group.querySelector(\"span.selected\"))) {\n\t\t\t\t\tthat.clickNextButton();\n\t\t\t\t}\n\t\t\t}\n\t\t};\n\t\tcontainer.addEventListener(\"change\", handleChange);\n\t\t\n\t\t\n\t\t\/\/ optional styling which centers the radio buttons\n\t\tvar style = document.createElement(\"STYLE\");\n\t\tstyle.innerHTML = `\n#question-` + this.questionId + `.question.mc.horizontal .mc-content .choices {\n\tmargin: auto;\n}\n`\n\t\tcontainer.insertAdjacentElement(\"beforebegin\", style);\n\n\t});\n\t\t\n\t\t\n\tQualtrics.SurveyEngine.addOnReady(function()\n\t{\n\t\t\/*Place your JavaScript here to run when the page is fully displayed*\/\n\t\t\n\t});\n\t\n\tQualtrics.SurveyEngine.addOnUnload(function()\n\t{\n\t\t\/*Place your JavaScript here to run when the page is unloaded*\/\n\t\t\/\/ remove the listener\n\t\tif (container && handleChange) {\n\t\t\tcontainer.removeEventListener(\"change\", handleChange);\n\t\t}\n\t});\n})();","RecodeValues":{"1":"1","2":"0"},"VariableNaming":{"1":"Yes","2":"No"}}},{"SurveyID":"SV_1ZCKS9W3hi9v9CC","Element":"SQ","PrimaryAttribute":"QID10","SecondaryAttribute":"Timing","TertiaryAttribute":null,"Payload":{"QuestionText":"Timing","DefaultChoices":false,"DataExportTag":"screeners.failed.rt","QuestionType":"Timing","Selector":"PageTimer","DataVisibility":{"Private":false,"Hidden":false},"Configuration":{"QuestionDescriptionOption":"UseText","MinSeconds":"0","MaxSeconds":"0"},"QuestionDescription":"Timing","Choices":{"1":{"Display":"First Click"},"2":{"Display":"Last Click"},"3":{"Display":"Page Submit"},"4":{"Display":"Click Count"}},"GradingData":[],"Language":[],"NextChoiceId":32,"NextAnswerId":1,"QuestionID":"QID10"}},{"SurveyID":"SV_1ZCKS9W3hi9v9CC","Element":"SQ","PrimaryAttribute":"QID11","SecondaryAttribute":"You\u2019ve qualified for the full survey. The survey should take you about [XX] minutes to complete.","TertiaryAttribute":null,"Payload":{"QuestionText":"<b>You\u2019ve qualified for the full survey.<\/b><br><br>\nThe survey should take you about [XX] minutes to complete.","DefaultChoices":false,"DataExportTag":"landing","QuestionType":"DB","Selector":"TB","DataVisibility":{"Private":false,"Hidden":false},"Configuration":{"QuestionDescriptionOption":"UseText"},"QuestionDescription":"You\u2019ve qualified for the full survey. The survey should take you about [XX] minutes to complete.","ChoiceOrder":[],"Validation":{"Settings":{"Type":"None"}},"GradingData":[],"Language":[],"NextChoiceId":4,"NextAnswerId":1,"QuestionID":"QID11"}},{"SurveyID":"SV_1ZCKS9W3hi9v9CC","Element":"SQ","PrimaryAttribute":"QID12","SecondaryAttribute":"Timing","TertiaryAttribute":null,"Payload":{"QuestionText":"Timing","DefaultChoices":false,"DataExportTag":"landing.rt","QuestionType":"Timing","Selector":"PageTimer","DataVisibility":{"Private":false,"Hidden":false},"Configuration":{"QuestionDescriptionOption":"UseText","MinSeconds":"0","MaxSeconds":"0"},"QuestionDescription":"Timing","Choices":{"1":{"Display":"First Click"},"2":{"Display":"Last Click"},"3":{"Display":"Page Submit"},"4":{"Display":"Click Count"}},"GradingData":[],"Language":[],"NextChoiceId":32,"NextAnswerId":1,"QuestionID":"QID12"}},{"SurveyID":"SV_1ZCKS9W3hi9v9CC","Element":"SQ","PrimaryAttribute":"QID13","SecondaryAttribute":"What is your gender?","TertiaryAttribute":null,"Payload":{"QuestionText":"What is your gender?","DefaultChoices":false,"DataExportTag":"demos.gender","QuestionType":"MC","Selector":"SAHR","SubSelector":"TX","DataVisibility":{"Private":false,"Hidden":false},"Configuration":{"QuestionDescriptionOption":"UseText","LabelPosition":"BELOW"},"QuestionDescription":"What is your gender?","Choices":{"1":{"Display":"Male"},"2":{"Display":"Female"},"3":{"Display":"Non-binary \/ Other"}},"ChoiceOrder":[1,2,3],"Validation":{"Settings":{"ForceResponse":"RequestResponse","ForceResponseType":"RequestResponse","Type":"None"}},"GradingData":[],"Language":[],"NextChoiceId":4,"NextAnswerId":1,"QuestionID":"QID13","RecodeValues":{"1":"0","2":"1","3":"2"},"VariableNaming":{"1":"Male","2":"Female","3":"Other"},"QuestionJS":"(function() {\n\t\/\/ global variables\n\tvar container; \/\/ page question container\n\tvar handleChange; \/\/ function to handle change event\n\t\n\tQualtrics.SurveyEngine.addOnload(function()\n\t{\n\t\t\/*Place your JavaScript here to run when the page loads*\/\n\t\tvar that = this;\n\t\t\n\t\tcontainer = document.querySelector(\".questions-container\");\n\t\t\n\t\t\/\/ listens for \"change\" events\n\t\t\/\/ immediately submits the page if all questions have been answered\n\t\thandleChange = (event) => {\n\t\t\t\/\/ note that these are defined in handleChange because some questions have Display Logic, so\n\t\t\t\/\/ the lists will need to be updated\n\t\t\tvar dropdowns = Array.from(container.querySelectorAll(\".question.dropdown:not(.hidden) ul\"));\n\t\t\tvar radioGroups = Array.from(container.querySelectorAll(\"div[role='radiogroup']:not(.hidden)\"));\n\t\t\tvar inputs = Array.from(container.querySelectorAll(\".question.te:not(.hidden) .text-input\"));\n\t\t\t\n\t\t\tif(event.target && [\"text\",\"checkbox\",\"radio\"].includes(event.target.type)) {\n\t\t\t\tif (dropdowns.every(q => q.querySelector(\"li:not(:first-child).selected\")) &&\n\t\t\t\t\tradioGroups.every(group => group.querySelector(\"span.selected\")) &&\n\t\t\t\t\tinputs.every(q => q.value != \"\")) {\n\t\t\t\t\tthat.clickNextButton();\n\t\t\t\t}\n\t\t\t}\n\t\t};\n\t\t\n\t\tcontainer.addEventListener(\"change\", handleChange);\n\t\t\n\t\tvar style = document.createElement(\"STYLE\");\n\t\tstyle.innerHTML = `\n.questions-container section:nth-of-type(n+2) {\n\tborder-top: 2px solid #eaeaea;\n}\n`\n\t\tcontainer.insertAdjacentElement(\"beforebegin\", style);\t\t\n\t\n\t});\n\t\n\tQualtrics.SurveyEngine.addOnReady(function()\n\t{\n\t\t\/*Place your JavaScript here to run when the page is fully displayed*\/\n\t\n\t});\n\t\n\tQualtrics.SurveyEngine.addOnUnload(function()\n\t{\n\t\t\/*Place your JavaScript here to run when the page is unloaded*\/\n\t\t\/\/ remove the listener\n\t\tif (container && handleChange) {\n\t\t\tcontainer.removeEventListener(\"change\", handleChange);\n\t\t}\n\t});\n})();"}},{"SurveyID":"SV_1ZCKS9W3hi9v9CC","Element":"SQ","PrimaryAttribute":"QID14","SecondaryAttribute":"How old are you?","TertiaryAttribute":null,"Payload":{"QuestionText":"How old are you?","DefaultChoices":false,"DataExportTag":"demos.age","QuestionType":"TE","Selector":"SL","DataVisibility":{"Private":false,"Hidden":false},"Configuration":{"QuestionDescriptionOption":"UseText"},"QuestionDescription":"How old are you?","Validation":{"Settings":{"ForceResponse":"RequestResponse","ForceResponseType":"RequestResponse","Type":"None"}},"GradingData":[],"Language":[],"NextChoiceId":4,"NextAnswerId":1,"SearchSource":{"AllowFreeResponse":"false"},"QuestionID":"QID14","QuestionJS":"Qualtrics.SurveyEngine.addOnload(function()\n{\n\t\/*Place your JavaScript here to run when the page loads*\/\n\t\/\/ whitespace will be preserved, so if you need to, \n\t\/\/ you can add spaces to adjust the space between the label and the textbox\n\t\/\/ Insert your text between the quotation marks \"\" in the 2 lines below:\n\tvar beforeText = \"\";\n\tvar afterText = \" years old\";\n\n\tvar input = this.getQuestionContainer().querySelector(\".text-input\");\n\n\tif (beforeText) {\n\t\tvar beforeSpan = document.createElement(\"SPAN\");\n\t\tbeforeSpan.innerText = beforeText;\n\t\tbeforeSpan.classList.add(\"spanBefore\");\n\t\tinput.parentElement.insertBefore(beforeSpan, input);\n\t}\n\n\tif (afterText) {\n\t\tvar afterSpan = document.createElement(\"SPAN\");\n\t\tafterSpan.innerText = afterText;\n\t\tafterSpan.classList.add(\"spanAfter\");\n\t\tinput.after(afterSpan);\n\t}\n});\n\nQualtrics.SurveyEngine.addOnReady(function()\n{\n\t\/*Place your JavaScript here to run when the page is fully displayed*\/\n\n});\n\nQualtrics.SurveyEngine.addOnUnload(function()\n{\n\t\/*Place your JavaScript here to run when the page is unloaded*\/\n\n});"}},{"SurveyID":"SV_1ZCKS9W3hi9v9CC","Element":"SQ","PrimaryAttribute":"QID15","SecondaryAttribute":"What is your race or ethnicity?","TertiaryAttribute":null,"Payload":{"QuestionText":"What is your race or ethnicity?","DefaultChoices":false,"DataExportTag":"demos.race","QuestionType":"MC","Selector":"MACOL","SubSelector":"TX","DataVisibility":{"Private":false,"Hidden":false},"Configuration":{"QuestionDescriptionOption":"UseText","NumColumns":2},"QuestionDescription":"What is your race or ethnicity?","Choices":{"1":{"Display":"White"},"2":{"Display":"Hispanic"},"3":{"Display":"Black"},"4":{"Display":"Asian"},"5":{"Display":"American Indian"},"6":{"Display":"Middle Eastern"},"7":{"Display":"Pacific Islander"},"8":{"Display":"Other"}},"ChoiceOrder":[1,2,3,4,5,6,7,8],"Validation":{"Settings":{"ForceResponse":"RequestResponse","ForceResponseType":"RequestResponse","Type":"None"}},"GradingData":[],"Language":[],"NextChoiceId":9,"NextAnswerId":1,"QuestionID":"QID15","RecodeValues":{"1":"1","2":"2","3":"3","4":"4","5":"5","6":"6","7":"7","8":"8"},"VariableNaming":{"1":"White","2":"Hispanic","3":"Black","4":"Asian","5":"American Indian","6":"Middle Eastern","7":"Pacific Islander","8":"Other"}}},{"SurveyID":"SV_1ZCKS9W3hi9v9CC","Element":"SQ","PrimaryAttribute":"QID16","SecondaryAttribute":"In which state do you currently reside?","TertiaryAttribute":null,"Payload":{"QuestionText":"In which state do you currently reside?","DefaultChoices":false,"DataExportTag":"demos.state","QuestionType":"MC","Selector":"DL","DataVisibility":{"Private":false,"Hidden":false},"Configuration":{"QuestionDescriptionOption":"UseText"},"QuestionDescription":"In which state do you currently reside?","Choices":{"1":{"Display":"Alabama"},"2":{"Display":"Alaska"},"3":{"Display":"Arizona"},"4":{"Display":"Arkansas"},"5":{"Display":"California"},"6":{"Display":"Colorado"},"7":{"Display":"Connecticut"},"8":{"Display":"Delaware"},"9":{"Display":"District of Columbia"},"10":{"Display":"Florida"},"11":{"Display":"Georgia"},"12":{"Display":"Hawaii"},"13":{"Display":"Idaho"},"14":{"Display":"Illinois"},"15":{"Display":"Indiana"},"16":{"Display":"Iowa"},"17":{"Display":"Kansas"},"18":{"Display":"Kentucky"},"19":{"Display":"Louisiana"},"20":{"Display":"Maine"},"21":{"Display":"Maryland"},"22":{"Display":"Massachusetts"},"23":{"Display":"Michigan"},"24":{"Display":"Minnesota"},"25":{"Display":"Mississippi"},"26":{"Display":"Missouri"},"27":{"Display":"Montana"},"28":{"Display":"Nebraska"},"29":{"Display":"Nevada"},"30":{"Display":"New Hampshire"},"31":{"Display":"New Jersey"},"32":{"Display":"New Mexico"},"33":{"Display":"New York"},"34":{"Display":"North Carolina"},"35":{"Display":"North Dakota"},"36":{"Display":"Ohio"},"37":{"Display":"Oklahoma"},"38":{"Display":"Oregon"},"39":{"Display":"Pennsylvania"},"40":{"Display":"Puerto Rico"},"41":{"Display":"Rhode Island"},"42":{"Display":"South Carolina"},"43":{"Display":"South Dakota"},"44":{"Display":"Tennessee"},"45":{"Display":"Texas"},"46":{"Display":"Utah"},"47":{"Display":"Vermont"},"48":{"Display":"Virginia"},"49":{"Display":"Washington"},"50":{"Display":"West Virginia"},"51":{"Display":"Wisconsin"},"52":{"Display":"Wyoming"},"53":{"Display":"I do not reside in the United States"}},"ChoiceOrder":[1,2,3,4,5,6,7,8,9,10,11,12,13,14,15,16,17,18,19,20,21,22,23,24,25,26,27,28,29,30,31,32,33,34,35,36,37,38,39,40,41,42,43,44,45,46,47,48,49,50,51,52,53],"Validation":{"Settings":{"ForceResponse":"RequestResponse","ForceResponseType":"RequestResponse","Type":"None"}},"GradingData":[],"Language":[],"NextChoiceId":54,"NextAnswerId":1,"QuestionID":"QID16","RecodeValues":{"1":"1","2":"2","3":"3","4":"4","5":"5","6":"6","7":"7","8":"8","9":"9","10":"10","11":"11","12":"12","13":"13","14":"14","15":"15","16":"16","17":"17","18":"18","19":"19","20":"20","21":"21","22":"22","23":"23","24":"24","25":"25","26":"26","27":"27","28":"28","29":"29","30":"30","31":"31","32":"32","33":"33","34":"34","35":"35","36":"36","37":"37","38":"38","39":"39","40":"40","41":"41","42":"42","43":"43","44":"44","45":"45","46":"46","47":"47","48":"48","49":"49","50":"50","51":"51","52":"52","53":"-1"},"VariableNaming":{"1":"Alabama","2":"Alaska","3":"Arizona","4":"Arkansas","5":"California","6":"Colorado","7":"Connecticut","8":"Delaware","9":"District of Columbia","10":"Florida","11":"Georgia","12":"Hawaii","13":"Idaho","14":"Illinois","15":"Indiana","16":"Iowa","17":"Kansas","18":"Kentucky","19":"Louisiana","20":"Maine","21":"Maryland","22":"Massachusetts","23":"Michigan","24":"Minnesota","25":"Mississippi","26":"Missouri","27":"Montana","28":"Nebraska","29":"Nevada","30":"New Hampshire","31":"New Jersey","32":"New Mexico","33":"New York","34":"North Carolina","35":"North Dakota","36":"Ohio","37":"Oklahoma","38":"Oregon","39":"Pennsylvania","40":"Puerto Rico","41":"Rhode Island","42":"South Carolina","43":"South Dakota","44":"Tennessee","45":"Texas","46":"Utah","47":"Vermont","48":"Virginia","49":"Washington","50":"West Virginia","51":"Wisconsin","52":"Wyoming","53":"I do not reside in the United States"},"QuestionJS":"(function() {\n\tvar observer;\n\n\tQualtrics.SurveyEngine.addOnload(function()\n\t{\n\t\t\/*Place your JavaScript here to run when the page loads*\/\n\t\tvar that = this;\n\t\tvar observerTarget = this.getQuestionContainer().querySelector(\".select-menu span.rich-text\");\n\t\t\n\t\tvar pageContainer = document.querySelector(\".questions-container\");\n\n\t\tvar callback = (mutationList) => {\n\t\t\tfor (const mutation of mutationList) {\n\t\t\t\tif (mutation.type === \"childList\") {\n\t\t\t\t\tif(mutation.target.innerText != \"Select one\") {\n\t\t\t\t\t\tvar choices = Array.from(pageContainer.querySelectorAll(\".question.mc:is(.horizontal, .vertical):not(.hidden)\"));\n\t\t\t\t\t\tvar dropdowns = Array.from(pageContainer.querySelectorAll(\".question.mc.dropdown:not(.hidden) ul\"));\n\t\t\t\t\t\tvar radioGroups = Array.from(pageContainer.querySelectorAll(\".question.matrix.table div[role='radiogroup']:not(.hidden)\"));\n\t\t\t\t\t\tvar inputs = Array.from(pageContainer.querySelectorAll(\".question.te:not(.hidden) .text-input\"));\n\t\t\t\t\t\tif (choices.every(q => q.querySelector(\"span.selected\")) && \n\t\t\t\t\t\t\tdropdowns.every(q => q.querySelector(\"li:not(:first-child).selected\")) &&\n\t\t\t\t\t\t\tradioGroups.every(group => group.querySelector(\"span.selected\")) && \n\t\t\t\t\t\t\tinputs.every(q => q.value != \"\")) {\n\t\t\t\t\t\t\tthat.clickNextButton();\n\t\t\t\t\t\t}\n\t\t\t\t\t}\n\t\t\t\t}\n\t\t\t}\n\t\t};\n\t\tobserver = new MutationObserver(callback);\n\t\tobserver.observe(observerTarget, { childList: true });\n\n\t});\n\n\tQualtrics.SurveyEngine.addOnReady(function()\n\t{\n\t\t\/*Place your JavaScript here to run when the page is fully displayed*\/\n\n\t});\n\n\tQualtrics.SurveyEngine.addOnUnload(function()\n\t{\n\t\t\/*Place your JavaScript here to run when the page is unloaded*\/\n\t\tobserver.disconnect();\n\t});\n})();"}},{"SurveyID":"SV_1ZCKS9W3hi9v9CC","Element":"SQ","PrimaryAttribute":"QID17","SecondaryAttribute":"What is your highest level of education?","TertiaryAttribute":null,"Payload":{"QuestionText":"What is your highest level of education?","DefaultChoices":false,"DataExportTag":"demos.education","QuestionType":"MC","Selector":"SAVR","SubSelector":"TX","DataVisibility":{"Private":false,"Hidden":false},"Configuration":{"QuestionDescriptionOption":"UseText"},"QuestionDescription":"What is your highest level of education?","Choices":{"1":{"Display":"Some high school"},"2":{"Display":"High school or GED"},"3":{"Display":"Some college"},"4":{"Display":"Bachelor's degree"},"5":{"Display":"Master's or professional degree"},"6":{"Display":"Doctorate"}},"ChoiceOrder":[1,2,3,4,5,6],"Validation":{"Settings":{"ForceResponse":"RequestResponse","ForceResponseType":"RequestResponse","Type":"None"}},"GradingData":[],"Language":[],"NextChoiceId":7,"NextAnswerId":1,"QuestionID":"QID17","RecodeValues":{"1":"1","2":"2","3":"3","4":"4","5":"5","6":"6"},"VariableNaming":{"1":"Some high school","2":"High school","3":"Some college","4":"Bachelor's","5":"Master's","6":"Doctorate"}}},{"SurveyID":"SV_1ZCKS9W3hi9v9CC","Element":"SQ","PrimaryAttribute":"QID18","SecondaryAttribute":"What is your annual household income, approximately?","TertiaryAttribute":null,"Payload":{"QuestionText":"What is your annual <b>household<\/b> income, approximately?","DefaultChoices":false,"DataExportTag":"demos.income","QuestionType":"MC","Selector":"DL","DataVisibility":{"Private":false,"Hidden":false},"Configuration":{"QuestionDescriptionOption":"UseText"},"QuestionDescription":"What is your annual household income, approximately?","Choices":{"1":{"Display":"Less than $20,000"},"2":{"Display":"$20,000 to $39,999"},"3":{"Display":"$40,000 to $59,999"},"4":{"Display":"$60,000 to $79,999"},"5":{"Display":"$80,000 to $99,999"},"6":{"Display":"$100,000 to $119,999"},"7":{"Display":"$120,000 to $139,999"},"8":{"Display":"$140,000 to $159,999"},"9":{"Display":"$160,000 to $179,999"},"10":{"Display":"$180,000 to $199,999"},"11":{"Display":"$200,000 to $219,999"},"12":{"Display":"$220,000 to $239,999"},"13":{"Display":"$240,000 to $259,999"},"14":{"Display":"$260,000 to $279,999"},"15":{"Display":"$280,000 to $299,999"},"16":{"Display":"$300,000 or more"}},"ChoiceOrder":[1,2,3,4,5,6,7,8,9,10,11,12,13,14,15,16],"Validation":{"Settings":{"ForceResponse":"RequestResponse","ForceResponseType":"RequestResponse","Type":"None"}},"GradingData":[],"Language":[],"NextChoiceId":17,"NextAnswerId":1,"QuestionID":"QID18","RecodeValues":{"1":"20","2":"30","3":"50","4":"70","5":"90","6":"110","7":"130","8":"150","9":"170","10":"190","11":"210","12":"230","13":"250","14":"270","15":"290","16":"300"},"VariableNaming":{"1":"$20,000","2":"$39,999","3":"$59,999","4":"$79,999","5":"$99,999","6":"$119,999","7":"$139,999","8":"$159,999","9":"$179,999","10":"$199,999","11":"$219,999","12":"$239,999","13":"$259,999","14":"$279,999","15":"$299,999","16":"$300,000+"},"QuestionJS":"(function() {\n\tvar observer;\n\n\tQualtrics.SurveyEngine.addOnload(function()\n\t{\n\t\t\/*Place your JavaScript here to run when the page loads*\/\n\t\tvar that = this;\n\t\tvar observerTarget = this.getQuestionContainer().querySelector(\".select-menu span.rich-text\");\n\t\t\n\t\tvar pageContainer = document.querySelector(\".questions-container\");\n\n\t\tvar callback = (mutationList) => {\n\t\t\tfor (const mutation of mutationList) {\n\t\t\t\tif (mutation.type === \"childList\") {\n\t\t\t\t\tif(mutation.target.innerText != \"Select one\") {\n\t\t\t\t\t\tvar choices = Array.from(pageContainer.querySelectorAll(\".question.mc:is(.horizontal, .vertical):not(.hidden)\"));\n\t\t\t\t\t\tvar dropdowns = Array.from(pageContainer.querySelectorAll(\".question.mc.dropdown:not(.hidden) ul\"));\n\t\t\t\t\t\tvar radioGroups = Array.from(pageContainer.querySelectorAll(\".question.matrix.table div[role='radiogroup']:not(.hidden)\"));\n\t\t\t\t\t\tvar inputs = Array.from(pageContainer.querySelectorAll(\".question.te:not(.hidden) .text-input\"));\n\t\t\t\t\t\tif (choices.every(q => q.querySelector(\"span.selected\")) && \n\t\t\t\t\t\t\tdropdowns.every(q => q.querySelector(\"li:not(:first-child).selected\")) &&\n\t\t\t\t\t\t\tradioGroups.every(group => group.querySelector(\"span.selected\")) && \n\t\t\t\t\t\t\tinputs.every(q => q.value != \"\")) {\n\t\t\t\t\t\t\tthat.clickNextButton();\n\t\t\t\t\t\t}\n\t\t\t\t\t}\n\t\t\t\t}\n\t\t\t}\n\t\t};\n\t\tobserver = new MutationObserver(callback);\n\t\tobserver.observe(observerTarget, { childList: true });\n\n\t});\n\n\tQualtrics.SurveyEngine.addOnReady(function()\n\t{\n\t\t\/*Place your JavaScript here to run when the page is fully displayed*\/\n\n\t});\n\n\tQualtrics.SurveyEngine.addOnUnload(function()\n\t{\n\t\t\/*Place your JavaScript here to run when the page is unloaded*\/\n\t\tobserver.disconnect();\n\t});\n})();"}},{"SurveyID":"SV_1ZCKS9W3hi9v9CC","Element":"SQ","PrimaryAttribute":"QID19","SecondaryAttribute":"Are you currently married?","TertiaryAttribute":null,"Payload":{"QuestionText":"Are you currently married?","DefaultChoices":false,"DataExportTag":"demos.married","QuestionType":"MC","Selector":"SAVR","SubSelector":"TX","DataVisibility":{"Private":false,"Hidden":false},"Configuration":{"QuestionDescriptionOption":"UseText"},"QuestionDescription":"Are you currently married?","Choices":{"1":{"Display":"Yes"},"2":{"Display":"No"}},"ChoiceOrder":[1,2],"Validation":{"Settings":{"ForceResponse":"RequestResponse","ForceResponseType":"RequestResponse","Type":"None"}},"GradingData":[],"Language":[],"NextChoiceId":4,"NextAnswerId":1,"QuestionID":"QID19","RecodeValues":{"1":"1","2":"0"},"VariableNaming":{"1":"Yes","2":"No"}}},{"SurveyID":"SV_1ZCKS9W3hi9v9CC","Element":"SQ","PrimaryAttribute":"QID2","SecondaryAttribute":"Timing","TertiaryAttribute":null,"Payload":{"QuestionText":"Timing","DefaultChoices":false,"DataExportTag":"consent.rt","QuestionType":"Timing","Selector":"PageTimer","DataVisibility":{"Private":false,"Hidden":false},"Configuration":{"QuestionDescriptionOption":"UseText","MinSeconds":"0","MaxSeconds":"0"},"QuestionDescription":"Timing","Choices":{"1":{"Display":"First Click"},"2":{"Display":"Last Click"},"3":{"Display":"Page Submit"},"4":{"Display":"Click Count"}},"GradingData":[],"Language":[],"NextChoiceId":24,"NextAnswerId":1,"QuestionID":"QID2"}},{"SurveyID":"SV_1ZCKS9W3hi9v9CC","Element":"SQ","PrimaryAttribute":"QID20","SecondaryAttribute":"Have you ever been married?","TertiaryAttribute":null,"Payload":{"QuestionText":"Have you ever been married?","DefaultChoices":false,"DataExportTag":"demos.ever.married","QuestionType":"MC","Selector":"SAVR","SubSelector":"TX","DataVisibility":{"Private":false,"Hidden":false},"Configuration":{"QuestionDescriptionOption":"UseText"},"QuestionDescription":"Have you ever been married?","Choices":{"1":{"Display":"Yes"},"2":{"Display":"No"}},"ChoiceOrder":[1,2],"Validation":{"Settings":{"ForceResponse":"OFF","ForceResponseType":"RequestResponse","Type":"None"}},"RecodeValues":{"1":"1","2":"0"},"VariableNaming":{"1":"Yes","2":"No"},"GradingData":[],"Language":[],"NextChoiceId":4,"NextAnswerId":1,"QuestionID":"QID20","InPageDisplayLogic":{"0":{"0":{"QuestionID":"QID19","QuestionIsInLoop":"no","ChoiceLocator":"q:\/\/QID19\/SelectableChoice\/2","Operator":"Selected","QuestionIDFromLocator":"QID19","LeftOperand":"q:\/\/QID19\/SelectableChoice\/2","Type":"Expression","LogicType":"Question","Description":"<span class=\"ConjDesc\">If<\/span> <span class=\"QuestionDesc\">Are you currently married?<\/span> <span class=\"LeftOpDesc\">No<\/span> <span class=\"OpDesc\">Is Selected<\/span> "},"Type":"If"},"Type":"BooleanExpression","inPage":true}}},{"SurveyID":"SV_1ZCKS9W3hi9v9CC","Element":"SQ","PrimaryAttribute":"QID21","SecondaryAttribute":"Do you have any children?","TertiaryAttribute":null,"Payload":{"QuestionText":"Do you have any children?","DefaultChoices":false,"DataExportTag":"demos.children.bin","QuestionType":"MC","Selector":"SAVR","SubSelector":"TX","DataVisibility":{"Private":false,"Hidden":false},"Configuration":{"QuestionDescriptionOption":"UseText"},"QuestionDescription":"Do you have any children?","Choices":{"1":{"Display":"Yes"},"2":{"Display":"No"}},"ChoiceOrder":[1,2],"Validation":{"Settings":{"ForceResponse":"RequestResponse","ForceResponseType":"RequestResponse","Type":"None"}},"GradingData":[],"Language":[],"NextChoiceId":3,"NextAnswerId":1,"QuestionID":"QID21","RecodeValues":{"1":"1","2":"0"},"VariableNaming":{"1":"Yes","2":"No"}}},{"SurveyID":"SV_1ZCKS9W3hi9v9CC","Element":"SQ","PrimaryAttribute":"QID22","SecondaryAttribute":"How many children do you have?","TertiaryAttribute":null,"Payload":{"QuestionText":"How many children do you have?","DefaultChoices":false,"DataExportTag":"demos.children.num","QuestionType":"TE","Selector":"SL","DataVisibility":{"Private":false,"Hidden":false},"Configuration":{"QuestionDescriptionOption":"UseText"},"QuestionDescription":"How many children do you have?","Validation":{"Settings":{"ForceResponse":"OFF","Type":"None"}},"GradingData":[],"Language":[],"NextChoiceId":4,"NextAnswerId":1,"SearchSource":{"AllowFreeResponse":"false"},"QuestionID":"QID22","InPageDisplayLogic":{"0":{"0":{"QuestionID":"QID21","QuestionIsInLoop":"no","ChoiceLocator":"q:\/\/QID21\/SelectableChoice\/1","Operator":"Selected","QuestionIDFromLocator":"QID21","LeftOperand":"q:\/\/QID21\/SelectableChoice\/1","Type":"Expression","LogicType":"Question","Description":"<span class=\"ConjDesc\">If<\/span> <span class=\"QuestionDesc\">Do you have any children?<\/span> <span class=\"LeftOpDesc\">Yes<\/span> <span class=\"OpDesc\">Is Selected<\/span> "},"Type":"If"},"Type":"BooleanExpression","inPage":true}}},{"SurveyID":"SV_1ZCKS9W3hi9v9CC","Element":"SQ","PrimaryAttribute":"QID23","SecondaryAttribute":"Which political party do you support?","TertiaryAttribute":null,"Payload":{"QuestionText":"Which political party do you support?","DefaultChoices":false,"DataExportTag":"demos.party","QuestionType":"MC","Selector":"SAVR","SubSelector":"TX","DataVisibility":{"Private":false,"Hidden":false},"Configuration":{"QuestionDescriptionOption":"UseText"},"QuestionDescription":"Which political party do you support?","Choices":{"1":{"Display":"Democratic party"},"2":{"Display":"Republican party"},"3":{"Display":"Neither"},"4":{"Display":"Prefer not to answer"}},"ChoiceOrder":[1,2,3,4],"Validation":{"Settings":{"ForceResponse":"OFF","Type":"None"}},"GradingData":[],"Language":[],"NextChoiceId":5,"NextAnswerId":1,"QuestionID":"QID23","RecodeValues":{"1":"-1","2":"1","3":"0","4":"-10"},"VariableNaming":{"1":"Democrat","2":"Republican","3":"Neither","4":"Refused"}}},{"SurveyID":"SV_1ZCKS9W3hi9v9CC","Element":"SQ","PrimaryAttribute":"QID24","SecondaryAttribute":"Where would you place yourself on the political spectrum?","TertiaryAttribute":null,"Payload":{"QuestionText":"Where would you place yourself on the political spectrum?","DefaultChoices":false,"DataExportTag":"demos.politics","QuestionType":"MC","Selector":"SAHR","SubSelector":"TX","DataVisibility":{"Private":false,"Hidden":false},"Configuration":{"QuestionDescriptionOption":"UseText","LabelPosition":"BELOW"},"QuestionDescription":"Where would you place yourself on the political spectrum?","Choices":{"1":{"Display":"Very<br>liberal"},"2":{"Display":"Liberal"},"3":{"Display":"Slightly<br>liberal"},"4":{"Display":"Moderate"},"5":{"Display":"Slightly<br>conservative"},"6":{"Display":"Conservative"},"7":{"Display":"Very<br>conservative"}},"ChoiceOrder":[1,2,3,4,5,6,7],"Validation":{"Settings":{"ForceResponse":"RequestResponse","ForceResponseType":"RequestResponse","Type":"None"}},"GradingData":[],"Language":[],"NextChoiceId":8,"NextAnswerId":1,"QuestionID":"QID24","RecodeValues":{"1":"-3","2":"-2","3":"-1","4":"0","5":"1","6":"2","7":"3"},"VariableNaming":{"1":"Very liberal","2":"-2","3":"-1","4":"0","5":"1","6":"2","7":"Very conservative"}}},{"SurveyID":"SV_1ZCKS9W3hi9v9CC","Element":"SQ","PrimaryAttribute":"QID25","SecondaryAttribute":"How did you take this survey?","TertiaryAttribute":null,"Payload":{"QuestionText":"How did you take this survey?","DefaultChoices":false,"DataExportTag":"demos.device","QuestionType":"MC","Selector":"SAVR","SubSelector":"TX","DataVisibility":{"Private":false,"Hidden":false},"Configuration":{"QuestionDescriptionOption":"UseText"},"QuestionDescription":"How did you take this survey?","Choices":{"1":{"Display":"Desktop"},"2":{"Display":"Laptop"},"3":{"Display":"Tablet"},"4":{"Display":"Phone"}},"ChoiceOrder":[1,2,3,4],"Validation":{"Settings":{"ForceResponse":"RequestResponse","ForceResponseType":"RequestResponse","Type":"None"}},"GradingData":[],"Language":[],"NextChoiceId":5,"NextAnswerId":1,"QuestionID":"QID25"}},{"SurveyID":"SV_1ZCKS9W3hi9v9CC","Element":"SQ","PrimaryAttribute":"QID26","SecondaryAttribute":"Click to write the question text","TertiaryAttribute":null,"Payload":{"QuestionText":"Click to write the question text","DefaultChoices":false,"DataExportTag":"demos.metainfo","QuestionType":"Meta","Selector":"Browser","DataVisibility":{"Private":false,"Hidden":false},"Configuration":{"QuestionDescriptionOption":"UseText"},"QuestionDescription":"Click to write the question text","Choices":{"1":{"Display":"Browser","TextEntry":1},"2":{"Display":"Version","TextEntry":1},"3":{"Display":"Operating System","TextEntry":1},"4":{"Display":"Screen Resolution","TextEntry":1},"5":{"Display":"Flash Version","TextEntry":1},"6":{"Display":"Java Support","TextEntry":1},"7":{"Display":"User Agent","TextEntry":1}},"GradingData":[],"Language":[],"NextChoiceId":4,"NextAnswerId":1,"QuestionID":"QID26"}},{"SurveyID":"SV_1ZCKS9W3hi9v9CC","Element":"SQ","PrimaryAttribute":"QID27","SecondaryAttribute":"Timing","TertiaryAttribute":null,"Payload":{"QuestionText":"Timing","DefaultChoices":false,"DataExportTag":"demos.rt","QuestionType":"Timing","Selector":"PageTimer","DataVisibility":{"Private":false,"Hidden":false},"Configuration":{"QuestionDescriptionOption":"UseText","MinSeconds":"0","MaxSeconds":"0"},"QuestionDescription":"Timing","Choices":{"1":{"Display":"First Click"},"2":{"Display":"Last Click"},"3":{"Display":"Page Submit"},"4":{"Display":"Click Count"}},"GradingData":[],"Language":[],"NextChoiceId":32,"NextAnswerId":1,"QuestionID":"QID27"}},{"SurveyID":"SV_1ZCKS9W3hi9v9CC","Element":"SQ","PrimaryAttribute":"QID28","SecondaryAttribute":"Thank you for participating in our study! If you would like to provide us with any feedback, plea...","TertiaryAttribute":null,"Payload":{"QuestionText":"<b>Thank you for participating in our study!<\/b><br><br>\nIf you would like to provide us with any feedback, please do so in the text boxes below.<br><br>\nWhen you're done, please click the \"Next page\" button to be redirected back to Prolific.","DefaultChoices":false,"DataExportTag":"comments.thanks","QuestionType":"DB","Selector":"TB","DataVisibility":{"Private":false,"Hidden":false},"Configuration":{"QuestionDescriptionOption":"UseText"},"QuestionDescription":"Thank you for participating in our study! If you would like to provide us with any feedback, plea...","ChoiceOrder":[],"Validation":{"Settings":{"Type":"None"}},"GradingData":[],"Language":[],"NextChoiceId":4,"NextAnswerId":1,"QuestionID":"QID28","QuestionJS":"Qualtrics.SurveyEngine.addOnload(function()\n{\n\t\/*Place your JavaScript here to run when the page loads*\/\n\t\n\tvar container = document.querySelector(\".questions-container\");\n\t\n\tArray.from(document.querySelectorAll(\".question .text-input\")).forEach(textarea => {\n\t\ttextarea.style.height = \"125px\";\n\t\ttextarea.style.width = \"650px\";\n\t\ttextarea.style.setProperty(\"text-align\",\"left\",\"important\");\n\t});\n});\n\nQualtrics.SurveyEngine.addOnReady(function()\n{\n\t\/*Place your JavaScript here to run when the page is fully displayed*\/\n\n});\n\nQualtrics.SurveyEngine.addOnUnload(function()\n{\n\t\/*Place your JavaScript here to run when the page is unloaded*\/\n\n});"}},{"SurveyID":"SV_1ZCKS9W3hi9v9CC","Element":"SQ","PrimaryAttribute":"QID29","SecondaryAttribute":"If you have any feedback for us, please enter it here.","TertiaryAttribute":null,"Payload":{"QuestionText":"If you have any feedback for us, please enter it here.","DefaultChoices":false,"DataExportTag":"comments.feedback","QuestionType":"TE","Selector":"ESTB","DataVisibility":{"Private":false,"Hidden":false},"Configuration":{"QuestionDescriptionOption":"UseText"},"QuestionDescription":"If you have any feedback for us, please enter it here.","Validation":{"Settings":{"ForceResponse":"OFF","Type":"None"}},"GradingData":[],"Language":[],"NextChoiceId":4,"NextAnswerId":1,"SearchSource":{"AllowFreeResponse":"false"},"QuestionID":"QID29"}},{"SurveyID":"SV_1ZCKS9W3hi9v9CC","Element":"SQ","PrimaryAttribute":"QID3","SecondaryAttribute":"In which of these grades are students about 5 years old?","TertiaryAttribute":null,"Payload":{"QuestionText":"In which of these grades are students about 5 years old?","DefaultChoices":false,"DataExportTag":"screeners.kinder","QuestionType":"MC","Selector":"SAVR","SubSelector":"TX","DataVisibility":{"Private":false,"Hidden":false},"Configuration":{"QuestionDescriptionOption":"UseText"},"QuestionDescription":"In which of these grades are students about 5 years old?","Choices":{"1":{"Display":"Kindergarten"},"2":{"Display":"Third grade"},"3":{"Display":"Fifth grade"},"4":{"Display":"Seventh grade"},"5":{"Display":"Ninth grade"}},"ChoiceOrder":[1,2,3,4,5],"Validation":{"Settings":{"ForceResponse":"ON","ForceResponseType":"ON","Type":"None"}},"GradingData":[],"Language":[],"NextChoiceId":6,"NextAnswerId":1,"QuestionID":"QID3","QuestionJS":"(function() {\n\t\/\/ global variables\n\tvar container; \/\/ question container\n\tvar handleChange; \/\/ function to handle change event\n\t\n\tQualtrics.SurveyEngine.addOnload(function()\n\t{\n\t\t\/*Place your JavaScript here to run when the page loads*\/\n\t\tvar that = this;\n\t\t\n\t\tcontainer = that.getQuestionContainer();\n\t\t\n\t\tvar radioGroups = Array.from(container.querySelectorAll(\"div[role='radiogroup']\"));\n\t\tvar idRegex = RegExp(\"^\" + that.questionId + \"(?:-|$)\");\n\t\n\t\t\/\/ listens for radio buttons to be selected (i.e., \"change\" event)\n\t\t\/\/ immediately submits the page if an option has been selected\n\t\n\t\thandleChange = (event) => {\n\t\t\tif(event.target && [\"checkbox\",\"radio\"].includes(event.target.type) && event.target.name.match(idRegex)) {\n\t\t\t\tif (radioGroups.every(group => group.querySelector(\"span.selected\"))) {\n\t\t\t\t\tthat.clickNextButton();\n\t\t\t\t}\n\t\t\t}\n\t\t};\n\t\tcontainer.addEventListener(\"change\", handleChange);\n\t\t\n\t});\n\t\t\n\t\t\n\tQualtrics.SurveyEngine.addOnReady(function()\n\t{\n\t\t\/*Place your JavaScript here to run when the page is fully displayed*\/\n\t\t\n\t});\n\t\n\tQualtrics.SurveyEngine.addOnUnload(function()\n\t{\n\t\t\/*Place your JavaScript here to run when the page is unloaded*\/\n\t\t\/\/ remove the listener\n\t\tif (container && handleChange) {\n\t\t\tcontainer.removeEventListener(\"change\", handleChange);\n\t\t}\n\t});\n})();","RecodeValues":{"1":"1","2":"3","3":"5","4":"7","5":"9"},"VariableNaming":{"1":"Kindergarten","2":"Third","3":"Fifth","4":"Seventh","5":"Ninth"},"Randomization":{"Advanced":null,"TotalRandSubset":"","Type":"All"}}},{"SurveyID":"SV_1ZCKS9W3hi9v9CC","Element":"SQ","PrimaryAttribute":"QID30","SecondaryAttribute":"If you had any technical issues with the survey, please let us know here.","TertiaryAttribute":null,"Payload":{"QuestionText":"If you had any technical issues with the survey, please let us know here.","DefaultChoices":false,"DataExportTag":"comments.issues","QuestionType":"TE","Selector":"ESTB","DataVisibility":{"Private":false,"Hidden":false},"Configuration":{"QuestionDescriptionOption":"UseText"},"QuestionDescription":"If you had any technical issues with the survey, please let us know here.","Validation":{"Settings":{"ForceResponse":"OFF","Type":"None"}},"GradingData":[],"Language":[],"NextChoiceId":4,"NextAnswerId":1,"SearchSource":{"AllowFreeResponse":"false"},"QuestionID":"QID30"}},{"SurveyID":"SV_1ZCKS9W3hi9v9CC","Element":"SQ","PrimaryAttribute":"QID31","SecondaryAttribute":"Timing","TertiaryAttribute":null,"Payload":{"QuestionText":"Timing","DefaultChoices":false,"DataExportTag":"comments.rt","QuestionType":"Timing","Selector":"PageTimer","DataVisibility":{"Private":false,"Hidden":false},"Configuration":{"QuestionDescriptionOption":"UseText","MinSeconds":"0","MaxSeconds":"0"},"QuestionDescription":"Timing","Choices":{"1":{"Display":"First Click"},"2":{"Display":"Last Click"},"3":{"Display":"Page Submit"},"4":{"Display":"Click Count"}},"GradingData":[],"Language":[],"NextChoiceId":20,"NextAnswerId":1,"QuestionID":"QID31"}},{"SurveyID":"SV_1ZCKS9W3hi9v9CC","Element":"SQ","PrimaryAttribute":"QID32","SecondaryAttribute":"As you have indicated that you do not consent to participating in this study, please return your...","TertiaryAttribute":null,"Payload":{"QuestionText":"As you have indicated that you do not consent to participating in this study, please return your submission on Prolific by selecting the 'Stop without completing' button.<br><br>You will be redirected to Prolific once you proceed to the next page.","DefaultChoices":false,"DataExportTag":"consent.no","QuestionType":"DB","Selector":"TB","DataVisibility":{"Private":false,"Hidden":false},"Configuration":{"QuestionDescriptionOption":"UseText"},"QuestionDescription":"As you have indicated that you do not consent to participating in this study, please return your...","ChoiceOrder":[],"Validation":{"Settings":{"Type":"None"}},"GradingData":[],"Language":[],"NextChoiceId":4,"NextAnswerId":1,"QuestionID":"QID32"}},{"SurveyID":"SV_1ZCKS9W3hi9v9CC","Element":"SQ","PrimaryAttribute":"QID33","SecondaryAttribute":"Timing","TertiaryAttribute":null,"Payload":{"QuestionText":"Timing","DefaultChoices":false,"DataExportTag":"consent.no.rt","QuestionType":"Timing","Selector":"PageTimer","DataVisibility":{"Private":false,"Hidden":false},"Configuration":{"QuestionDescriptionOption":"UseText","MinSeconds":"0","MaxSeconds":"0"},"QuestionDescription":"Timing","Choices":{"1":{"Display":"First Click"},"2":{"Display":"Last Click"},"3":{"Display":"Page Submit"},"4":{"Display":"Click Count"}},"GradingData":[],"Language":[],"NextChoiceId":20,"NextAnswerId":1,"QuestionID":"QID33"}},{"SurveyID":"SV_1ZCKS9W3hi9v9CC","Element":"SQ","PrimaryAttribute":"QID4","SecondaryAttribute":"Timing","TertiaryAttribute":null,"Payload":{"QuestionText":"Timing","DefaultChoices":false,"DataExportTag":"screeners.kinder.rt","QuestionType":"Timing","Selector":"PageTimer","DataVisibility":{"Private":false,"Hidden":false},"Configuration":{"QuestionDescriptionOption":"UseText","MinSeconds":"0","MaxSeconds":"0"},"QuestionDescription":"Timing","Choices":{"1":{"Display":"First Click"},"2":{"Display":"Last Click"},"3":{"Display":"Page Submit"},"4":{"Display":"Click Count"}},"GradingData":[],"Language":[],"NextChoiceId":20,"NextAnswerId":1,"QuestionID":"QID4"}},{"SurveyID":"SV_1ZCKS9W3hi9v9CC","Element":"SQ","PrimaryAttribute":"QID5","SecondaryAttribute":"Which of these is NOT associated with Halloween?","TertiaryAttribute":null,"Payload":{"QuestionText":"Which of these is NOT associated with Halloween?","DefaultChoices":false,"QuestionType":"MC","Selector":"SAVR","SubSelector":"TX","DataVisibility":{"Private":false,"Hidden":false},"Configuration":{"QuestionDescriptionOption":"UseText"},"QuestionDescription":"Which of these is NOT associated with Halloween?","Choices":{"1":{"Display":"Pumpkins"},"2":{"Display":"Trick-or-Treating"},"3":{"Display":"Costumes"},"4":{"Display":"Ghosts"},"5":{"Display":"Eating Turkey"}},"ChoiceOrder":[1,2,3,4,5],"Validation":{"Settings":{"ForceResponse":"ON","ForceResponseType":"ON","Type":"None"}},"GradingData":[],"Language":[],"NextChoiceId":6,"NextAnswerId":1,"QuestionJS":"(function() {\n\t\/\/ global variables\n\tvar container; \/\/ question container\n\tvar handleChange; \/\/ function to handle change event\n\t\n\tQualtrics.SurveyEngine.addOnload(function()\n\t{\n\t\t\/*Place your JavaScript here to run when the page loads*\/\n\t\tvar that = this;\n\t\t\n\t\tcontainer = that.getQuestionContainer();\n\t\t\n\t\tvar radioGroups = Array.from(container.querySelectorAll(\"div[role='radiogroup']\"));\n\t\tvar idRegex = RegExp(\"^\" + that.questionId + \"(?:-|$)\");\n\t\n\t\t\/\/ listens for radio buttons to be selected (i.e., \"change\" event)\n\t\t\/\/ immediately submits the page if an option has been selected\n\t\n\t\thandleChange = (event) => {\n\t\t\tif(event.target && [\"checkbox\",\"radio\"].includes(event.target.type) && event.target.name.match(idRegex)) {\n\t\t\t\tif (radioGroups.every(group => group.querySelector(\"span.selected\"))) {\n\t\t\t\t\tthat.clickNextButton();\n\t\t\t\t}\n\t\t\t}\n\t\t};\n\t\tcontainer.addEventListener(\"change\", handleChange);\n\t\t\n\t});\n\t\t\n\t\t\n\tQualtrics.SurveyEngine.addOnReady(function()\n\t{\n\t\t\/*Place your JavaScript here to run when the page is fully displayed*\/\n\t\t\n\t});\n\t\n\tQualtrics.SurveyEngine.addOnUnload(function()\n\t{\n\t\t\/*Place your JavaScript here to run when the page is unloaded*\/\n\t\t\/\/ remove the listener\n\t\tif (container && handleChange) {\n\t\t\tcontainer.removeEventListener(\"change\", handleChange);\n\t\t}\n\t});\n})();","RecodeValues":{"1":"2","2":"3","3":"4","4":"5","5":"1"},"VariableNaming":{"1":"Pumpkins","2":"Trick-or-Treating","3":"Costumes","4":"Ghosts","5":"Eating Turkey"},"Randomization":{"Advanced":null,"TotalRandSubset":"","Type":"All"},"QuestionText_Unsafe":"In which of these grades are students 4 or 5 years old?","DataExportTag":"screeners.hallow","QuestionID":"QID5"}},{"SurveyID":"SV_1ZCKS9W3hi9v9CC","Element":"SQ","PrimaryAttribute":"QID6","SecondaryAttribute":"Timing","TertiaryAttribute":null,"Payload":{"QuestionText":"Timing","DefaultChoices":false,"QuestionType":"Timing","Selector":"PageTimer","DataVisibility":{"Private":false,"Hidden":false},"Configuration":{"QuestionDescriptionOption":"UseText","MinSeconds":"0","MaxSeconds":"0"},"QuestionDescription":"Timing","Choices":{"1":{"Display":"First Click"},"2":{"Display":"Last Click"},"3":{"Display":"Page Submit"},"4":{"Display":"Click Count"}},"GradingData":[],"Language":[],"NextChoiceId":24,"NextAnswerId":1,"QuestionText_Unsafe":"Timing","DataExportTag":"screeners.hallow.rt","QuestionID":"QID6"}},{"SurveyID":"SV_1ZCKS9W3hi9v9CC","Element":"SQ","PrimaryAttribute":"QID7","SecondaryAttribute":"Which of these is an American zip code?","TertiaryAttribute":null,"Payload":{"QuestionText":"Which of these is an American zip code?","DefaultChoices":false,"QuestionType":"MC","Selector":"SAVR","SubSelector":"TX","DataVisibility":{"Private":false,"Hidden":false},"Configuration":{"QuestionDescriptionOption":"UseText"},"QuestionDescription":"Which of these is an American zip code?","Choices":{"1":{"Display":"112"},"2":{"Display":"14 Monroe Avenue"},"3":{"Display":"789"},"4":{"Display":"02318"},"5":{"Display":"7TX 4LZ"}},"ChoiceOrder":[1,2,3,4,5],"Validation":{"Settings":{"ForceResponse":"ON","ForceResponseType":"ON","Type":"None"}},"GradingData":[],"Language":[],"NextChoiceId":6,"NextAnswerId":1,"QuestionJS":"(function() {\n\t\/\/ global variables\n\tvar container; \/\/ question container\n\tvar handleChange; \/\/ function to handle change event\n\t\n\tQualtrics.SurveyEngine.addOnload(function()\n\t{\n\t\t\/*Place your JavaScript here to run when the page loads*\/\n\t\tvar that = this;\n\t\t\n\t\tcontainer = that.getQuestionContainer();\n\t\t\n\t\tvar radioGroups = Array.from(container.querySelectorAll(\"div[role='radiogroup']\"));\n\t\tvar idRegex = RegExp(\"^\" + that.questionId + \"(?:-|$)\");\n\t\n\t\t\/\/ listens for radio buttons to be selected (i.e., \"change\" event)\n\t\t\/\/ immediately submits the page if an option has been selected\n\t\n\t\thandleChange = (event) => {\n\t\t\tif(event.target && [\"checkbox\",\"radio\"].includes(event.target.type) && event.target.name.match(idRegex)) {\n\t\t\t\tif (radioGroups.every(group => group.querySelector(\"span.selected\"))) {\n\t\t\t\t\tthat.clickNextButton();\n\t\t\t\t}\n\t\t\t}\n\t\t};\n\t\tcontainer.addEventListener(\"change\", handleChange);\n\t\t\n\t});\n\t\t\n\t\t\n\tQualtrics.SurveyEngine.addOnReady(function()\n\t{\n\t\t\/*Place your JavaScript here to run when the page is fully displayed*\/\n\t\t\n\t});\n\t\n\tQualtrics.SurveyEngine.addOnUnload(function()\n\t{\n\t\t\/*Place your JavaScript here to run when the page is unloaded*\/\n\t\t\/\/ remove the listener\n\t\tif (container && handleChange) {\n\t\t\tcontainer.removeEventListener(\"change\", handleChange);\n\t\t}\n\t});\n})();","RecodeValues":{"1":"2","2":"5","3":"3","4":"1","5":"4"},"VariableNaming":{"1":"112","2":"14 Monroe Avenue","3":"789","4":"02318","5":"7TX 4LZ"},"Randomization":{"Advanced":null,"TotalRandSubset":"","Type":"All"},"QuestionText_Unsafe":"Which of these is NOT associated with Halloween?","DataExportTag":"screeners.zip","QuestionID":"QID7"}},{"SurveyID":"SV_1ZCKS9W3hi9v9CC","Element":"SQ","PrimaryAttribute":"QID8","SecondaryAttribute":"Timing","TertiaryAttribute":null,"Payload":{"QuestionText":"Timing","DefaultChoices":false,"QuestionType":"Timing","Selector":"PageTimer","DataVisibility":{"Private":false,"Hidden":false},"Configuration":{"QuestionDescriptionOption":"UseText","MinSeconds":"0","MaxSeconds":"0"},"QuestionDescription":"Timing","Choices":{"1":{"Display":"First Click"},"2":{"Display":"Last Click"},"3":{"Display":"Page Submit"},"4":{"Display":"Click Count"}},"GradingData":[],"Language":[],"NextChoiceId":40,"NextAnswerId":1,"QuestionText_Unsafe":"Timing","DataExportTag":"screeners.zip.rt","QuestionID":"QID8"}},{"SurveyID":"SV_1ZCKS9W3hi9v9CC","Element":"SQ","PrimaryAttribute":"QID9","SecondaryAttribute":"Thank you for your participation! Although you do not qualify for the full survey, you have still...","TertiaryAttribute":null,"Payload":{"QuestionText":"<b>Thank you for your participation!<\/b><br><br>\nAlthough you do not qualify for the full survey, you have still earned $[XX] for your time.<br><br>\nYou will be redirected back to Prolific once you proceed to the next page.","DefaultChoices":false,"DataExportTag":"screeners.failed","QuestionType":"DB","Selector":"TB","DataVisibility":{"Private":false,"Hidden":false},"Configuration":{"QuestionDescriptionOption":"UseText"},"QuestionDescription":"Thank you for your participation! Although you do not qualify for the full survey, you have still...","ChoiceOrder":[],"Validation":{"Settings":{"Type":"None"}},"GradingData":[],"Language":[],"NextChoiceId":4,"NextAnswerId":1,"QuestionID":"QID9"}},{"SurveyID":"SV_1ZCKS9W3hi9v9CC","Element":"STAT","PrimaryAttribute":"Survey Statistics","SecondaryAttribute":null,"TertiaryAttribute":null,"Payload":{"MobileCompatible":true,"ID":"Survey Statistics"}}]}
